
Microsoft Visual Studio Solution File, Format Version 12.00
# Visual Studio Version 16
VisualStudioVersion = 16.0.31321.278
MinimumVisualStudioVersion = 10.0.40219.1
Project("{FAE04EC0-301F-11D3-BF4B-00C04F79EFBC}") = "ElevenNote.WebMVC", "ElevenNote.WebMVC\ElevenNote.WebMVC.csproj", "{EA1DBDA9-E3C8-44CD-8C9B-D988E4BB0C60}"
EndProject
Project("{FAE04EC0-301F-11D3-BF4B-00C04F79EFBC}") = "ElevenNote.Data", "ElevenNote.Data\ElevenNote.Data.csproj", "{0A83EEEE-8D7B-4DBC-A971-E824B49EB8E6}"
EndProject
Project("{FAE04EC0-301F-11D3-BF4B-00C04F79EFBC}") = "ElevenNote.Models", "ElevenNote.Models\ElevenNote.Models.csproj", "{2F93C392-48C4-48B7-B993-0C542134B8D2}"
EndProject
Project("{FAE04EC0-301F-11D3-BF4B-00C04F79EFBC}") = "ElevenNote.Services", "ElevenNote.Services\ElevenNote.Services.csproj", "{FFE70C08-7591-4E70-97F6-00857FCC6747}"
EndProject
Global
	GlobalSection(SolutionConfigurationPlatforms) = preSolution
		Debug|Any CPU = Debug|Any CPU
		Release|Any CPU = Release|Any CPU
	EndGlobalSection
	GlobalSection(ProjectConfigurationPlatforms) = postSolution
		{EA1DBDA9-E3C8-44CD-8C9B-D988E4BB0C60}.Debug|Any CPU.ActiveCfg = Debug|Any CPU
		{EA1DBDA9-E3C8-44CD-8C9B-D988E4BB0C60}.Debug|Any CPU.Build.0 = Debug|Any CPU
		{EA1DBDA9-E3C8-44CD-8C9B-D988E4BB0C60}.Release|Any CPU.ActiveCfg = Release|Any CPU
		{EA1DBDA9-E3C8-44CD-8C9B-D988E4BB0C60}.Release|Any CPU.Build.0 = Release|Any CPU
		{0A83EEEE-8D7B-4DBC-A971-E824B49EB8E6}.Debug|Any CPU.ActiveCfg = Debug|Any CPU
		{0A83EEEE-8D7B-4DBC-A971-E824B49EB8E6}.Debug|Any CPU.Build.0 = Debug|Any CPU
		{0A83EEEE-8D7B-4DBC-A971-E824B49EB8E6}.Release|Any CPU.ActiveCfg = Release|Any CPU
		{0A83EEEE-8D7B-4DBC-A971-E824B49EB8E6}.Release|Any CPU.Build.0 = Release|Any CPU
		{2F93C392-48C4-48B7-B993-0C542134B8D2}.Debug|Any CPU.ActiveCfg = Debug|Any CPU
		{2F93C392-48C4-48B7-B993-0C542134B8D2}.Debug|Any CPU.Build.0 = Debug|Any CPU
		{2F93C392-48C4-48B7-B993-0C542134B8D2}.Release|Any CPU.ActiveCfg = Release|Any CPU
		{2F93C392-48C4-48B7-B993-0C542134B8D2}.Release|Any CPU.Build.0 = Release|Any CPU
		{FFE70C08-7591-4E70-97F6-00857FCC6747}.Debug|Any CPU.ActiveCfg = Debug|Any CPU
		{FFE70C08-7591-4E70-97F6-00857FCC6747}.Debug|Any CPU.Build.0 = Debug|Any CPU
		{FFE70C08-7591-4E70-97F6-00857FCC6747}.Release|Any CPU.ActiveCfg = Release|Any CPU
		{FFE70C08-7591-4E70-97F6-00857FCC6747}.Release|Any CPU.Build.0 = Release|Any CPU
	EndGlobalSection
	GlobalSection(SolutionProperties) = preSolution
		HideSolutionNode = FALSE
	EndGlobalSection
	GlobalSection(ExtensibilityGlobals) = postSolution
		SolutionGuid = {9DDBE6DE-11FD-445E-A369-56D1B00BAD75}
	EndGlobalSection
EndGlobal
